// !$*UTF8*$!
{
	archiveVersion = 1;
	classes = {
	};
	objectVersion = 77;
	objects = {

/* Begin PBXContainerItemProxy section */
		52AB36122EC3A44C00575CD3 /* PBXContainerItemProxy */ = {
			isa = PBXContainerItemProxy;
			containerPortal = 52AB35FC2EC3A44600575CD3 /* Project object */;
			proxyType = 1;
			remoteGlobalIDString = 52AB36032EC3A44600575CD3;
			remoteInfo = pimbl;
		};
		52AB361C2EC3A44C00575CD3 /* PBXContainerItemProxy */ = {
			isa = PBXContainerItemProxy;
			containerPortal = 52AB35FC2EC3A44600575CD3 /* Project object */;
			proxyType = 1;
			remoteGlobalIDString = 52AB36032EC3A44600575CD3;
			remoteInfo = pimbl;
		};
/* End PBXContainerItemProxy section */

/* Begin PBXFileReference section */
		52AB36042EC3A44600575CD3 /* PIMBL.app */ = {isa = PBXFileReference; explicitFileType = wrapper.application; includeInIndex = 0; path = PIMBL.app; sourceTree = BUILT_PRODUCTS_DIR; };
		52AB36112EC3A44C00575CD3 /* pimblTests.xctest */ = {isa = PBXFileReference; explicitFileType = wrapper.cfbundle; includeInIndex = 0; path = pimblTests.xctest; sourceTree = BUILT_PRODUCTS_DIR; };
		52AB361B2EC3A44C00575CD3 /* pimblUITests.xctest */ = {isa = PBXFileReference; explicitFileType = wrapper.cfbundle; includeInIndex = 0; path = pimblUITests.xctest; sourceTree = BUILT_PRODUCTS_DIR; };
/* End PBXFileReference section */

/* Begin PBXFileSystemSynchronizedRootGroup section */
		52AB36062EC3A44600575CD3 /* pimbl */ = {
			isa = PBXFileSystemSynchronizedRootGroup;
			path = pimbl;
			sourceTree = "<group>";
		};
		52AB36142EC3A44C00575CD3 /* pimblTests */ = {
			isa = PBXFileSystemSynchronizedRootGroup;
			path = pimblTests;
			sourceTree = "<group>";
		};
		52AB361E2EC3A44C00575CD3 /* pimblUITests */ = {
			isa = PBXFileSystemSynchronizedRootGroup;
			path = pimblUITests;
			sourceTree = "<group>";
		};
/* End PBXFileSystemSynchronizedRootGroup section */

/* Begin PBXFrameworksBuildPhase section */
		52AB36012EC3A44600575CD3 /* Frameworks */ = {
			isa = PBXFrameworksBuildPhase;
			buildActionMask = 2147483647;
			files = (
			);
			runOnlyForDeploymentPostprocessing = 0;
		};
		52AB360E2EC3A44C00575CD3 /* Frameworks */ = {
			isa = PBXFrameworksBuildPhase;
			buildActionMask = 2147483647;
			files = (
			);
			runOnlyForDeploymentPostprocessing = 0;
		};
		52AB36182EC3A44C00575CD3 /* Frameworks */ = {
			isa = PBXFrameworksBuildPhase;
			buildActionMask = 2147483647;
			files = (
			);
			runOnlyForDeploymentPostprocessing = 0;
		};
/* End PBXFrameworksBuildPhase section */

/* Begin PBXGroup section */
		52AB35FB2EC3A44600575CD3 = {
			isa = PBXGroup;
			children = (
				52AB36062EC3A44600575CD3 /* pimbl */,
				52AB36142EC3A44C00575CD3 /* pimblTests */,
				52AB361E2EC3A44C00575CD3 /* pimblUITests */,
				52AB36052EC3A44600575CD3 /* Products */,
			);
			sourceTree = "<group>";
		};
		52AB36052EC3A44600575CD3 /* Products */ = {
			isa = PBXGroup;
			children = (
				52AB36042EC3A44600575CD3 /* PIMBL.app */,
				52AB36112EC3A44C00575CD3 /* pimblTests.xctest */,
				52AB361B2EC3A44C00575CD3 /* pimblUITests.xctest */,
			);
			name = Products;
			sourceTree = "<group>";
		};
/* End PBXGroup section */

/* Begin PBXNativeTarget section */
		52AB36032EC3A44600575CD3 /* pimbl */ = {
			isa = PBXNativeTarget;
			buildConfigurationList = 52AB36252EC3A44C00575CD3 /* Build configuration list for PBXNativeTarget "pimbl" */;
			buildPhases = (
				52AB36002EC3A44600575CD3 /* Sources */,
				52AB36012EC3A44600575CD3 /* Frameworks */,
				52AB36022EC3A44600575CD3 /* Resources */,
			);
			buildRules = (
			);
			dependencies = (
			);
			fileSystemSynchronizedGroups = (
				52AB36062EC3A44600575CD3 /* pimbl */,
			);
			name = pimbl;
			packageProductDependencies = (
			);
			productName = pimbl;
			productReference = 52AB36042EC3A44600575CD3 /* PIMBL.app */;
			productType = "com.apple.product-type.application";
		};
		52AB36102EC3A44C00575CD3 /* pimblTests */ = {
			isa = PBXNativeTarget;
			buildConfigurationList = 52AB36282EC3A44C00575CD3 /* Build configuration list for PBXNativeTarget "pimblTests" */;
			buildPhases = (
				52AB360D2EC3A44C00575CD3 /* Sources */,
				52AB360E2EC3A44C00575CD3 /* Frameworks */,
				52AB360F2EC3A44C00575CD3 /* Resources */,
			);
			buildRules = (
			);
			dependencies = (
				52AB36132EC3A44C00575CD3 /* PBXTargetDependency */,
			);
			fileSystemSynchronizedGroups = (
				52AB36142EC3A44C00575CD3 /* pimblTests */,
			);
			name = pimblTests;
			packageProductDependencies = (
			);
			productName = pimblTests;
			productReference = 52AB36112EC3A44C00575CD3 /* pimblTests.xctest */;
			productType = "com.apple.product-type.bundle.unit-test";
		};
		52AB361A2EC3A44C00575CD3 /* pimblUITests */ = {
			isa = PBXNativeTarget;
			buildConfigurationList = 52AB362B2EC3A44C00575CD3 /* Build configuration list for PBXNativeTarget "pimblUITests" */;
			buildPhases = (
				52AB36172EC3A44C00575CD3 /* Sources */,
				52AB36182EC3A44C00575CD3 /* Frameworks */,
				52AB36192EC3A44C00575CD3 /* Resources */,
			);
			buildRules = (
			);
			dependencies = (
				52AB361D2EC3A44C00575CD3 /* PBXTargetDependency */,
			);
			fileSystemSynchronizedGroups = (
				52AB361E2EC3A44C00575CD3 /* pimblUITests */,
			);
			name = pimblUITests;
			packageProductDependencies = (
			);
			productName = pimblUITests;
			productReference = 52AB361B2EC3A44C00575CD3 /* pimblUITests.xctest */;
			productType = "com.apple.product-type.bundle.ui-testing";
		};
/* End PBXNativeTarget section */

/* Begin PBXProject section */
		52AB35FC2EC3A44600575CD3 /* Project object */ = {
			isa = PBXProject;
			attributes = {
				BuildIndependentTargetsInParallel = 1;
				LastSwiftUpdateCheck = 1640;
				LastUpgradeCheck = 2610;
				TargetAttributes = {
					52AB36032EC3A44600575CD3 = {
						CreatedOnToolsVersion = 16.4;
					};
					52AB36102EC3A44C00575CD3 = {
						CreatedOnToolsVersion = 16.4;
						TestTargetID = 52AB36032EC3A44600575CD3;
					};
					52AB361A2EC3A44C00575CD3 = {
						CreatedOnToolsVersion = 16.4;
						TestTargetID = 52AB36032EC3A44600575CD3;
					};
				};
			};
			buildConfigurationList = 52AB35FF2EC3A44600575CD3 /* Build configuration list for PBXProject "pimbl" */;
			developmentRegion = en;
			hasScannedForEncodings = 0;
			knownRegions = (
				en,
				Base,
			);
			mainGroup = 52AB35FB2EC3A44600575CD3;
			minimizedProjectReferenceProxies = 1;
			preferredProjectObjectVersion = 77;
			productRefGroup = 52AB36052EC3A44600575CD3 /* Products */;
			projectDirPath = "";
			projectRoot = "";
			targets = (
				52AB36032EC3A44600575CD3 /* pimbl */,
				52AB36102EC3A44C00575CD3 /* pimblTests */,
				52AB361A2EC3A44C00575CD3 /* pimblUITests */,
			);
		};
/* End PBXProject section */

/* Begin PBXResourcesBuildPhase section */
		52AB36022EC3A44600575CD3 /* Resources */ = {
			isa = PBXResourcesBuildPhase;
			buildActionMask = 2147483647;
			files = (
			);
			runOnlyForDeploymentPostprocessing = 0;
		};
		52AB360F2EC3A44C00575CD3 /* Resources */ = {
			isa = PBXResourcesBuildPhase;
			buildActionMask = 2147483647;
			files = (
			);
			runOnlyForDeploymentPostprocessing = 0;
		};
		52AB36192EC3A44C00575CD3 /* Resources */ = {
			isa = PBXResourcesBuildPhase;
			buildActionMask = 2147483647;
			files = (
			);
			runOnlyForDeploymentPostprocessing = 0;
		};
/* End PBXResourcesBuildPhase section */

/* Begin PBXSourcesBuildPhase section */
		52AB36002EC3A44600575CD3 /* Sources */ = {
			isa = PBXSourcesBuildPhase;
			buildActionMask = 2147483647;
			files = (
			);
			runOnlyForDeploymentPostprocessing = 0;
		};
		52AB360D2EC3A44C00575CD3 /* Sources */ = {
			isa = PBXSourcesBuildPhase;
			buildActionMask = 2147483647;
			files = (
			);
			runOnlyForDeploymentPostprocessing = 0;
		};
		52AB36172EC3A44C00575CD3 /* Sources */ = {
			isa = PBXSourcesBuildPhase;
			buildActionMask = 2147483647;
			files = (
			);
			runOnlyForDeploymentPostprocessing = 0;
		};
/* End PBXSourcesBuildPhase section */

/* Begin PBXTargetDependency section */
		52AB36132EC3A44C00575CD3 /* PBXTargetDependency */ = {
			isa = PBXTargetDependency;
			target = 52AB36032EC3A44600575CD3 /* pimbl */;
			targetProxy = 52AB36122EC3A44C00575CD3 /* PBXContainerItemProxy */;
		};
		52AB361D2EC3A44C00575CD3 /* PBXTargetDependency */ = {
			isa = PBXTargetDependency;
			target = 52AB36032EC3A44600575CD3 /* pimbl */;
			targetProxy = 52AB361C2EC3A44C00575CD3 /* PBXContainerItemProxy */;
		};
/* End PBXTargetDependency section */

/* Begin XCBuildConfiguration section */
		52AB36232EC3A44C00575CD3 /* Debug */ = {
			isa = XCBuildConfiguration;
			buildSettings = {
				ALWAYS_SEARCH_USER_PATHS = NO;
				ASSETCATALOG_COMPILER_GENERATE_SWIFT_ASSET_SYMBOL_EXTENSIONS = YES;
				CLANG_ANALYZER_NONNULL = YES;
				CLANG_ANALYZER_NUMBER_OBJECT_CONVERSION = YES_AGGRESSIVE;
				CLANG_CXX_LANGUAGE_STANDARD = "gnu++20";
				CLANG_ENABLE_MODULES = YES;
				CLANG_ENABLE_OBJC_ARC = YES;
				CLANG_ENABLE_OBJC_WEAK = YES;
				CLANG_WARN_BLOCK_CAPTURE_AUTORELEASING = YES;
				CLANG_WARN_BOOL_CONVERSION = YES;
				CLANG_WARN_COMMA = YES;
				CLANG_WARN_CONSTANT_CONVERSION = YES;
				CLANG_WARN_DEPRECATED_OBJC_IMPLEMENTATIONS = YES;
				CLANG_WARN_DIRECT_OBJC_ISA_USAGE = YES_ERROR;
				CLANG_WARN_DOCUMENTATION_COMMENTS = YES;
				CLANG_WARN_EMPTY_BODY = YES;
				CLANG_WARN_ENUM_CONVERSION = YES;
				CLANG_WARN_INFINITE_RECURSION = YES;
				CLANG_WARN_INT_CONVERSION = YES;
				CLANG_WARN_NON_LITERAL_NULL_CONVERSION = YES;
				CLANG_WARN_OBJC_IMPLICIT_RETAIN_SELF = YES;
				CLANG_WARN_OBJC_LITERAL_CONVERSION = YES;
				CLANG_WARN_OBJC_ROOT_CLASS = YES_ERROR;
				CLANG_WARN_QUOTED_INCLUDE_IN_FRAMEWORK_HEADER = YES;
				CLANG_WARN_RANGE_LOOP_ANALYSIS = YES;
				CLANG_WARN_STRICT_PROTOTYPES = YES;
				CLANG_WARN_SUSPICIOUS_MOVE = YES;
				CLANG_WARN_UNGUARDED_AVAILABILITY = YES_AGGRESSIVE;
				CLANG_WARN_UNREACHABLE_CODE = YES;
				CLANG_WARN__DUPLICATE_METHOD_MATCH = YES;
				COPY_PHASE_STRIP = NO;
				DEBUG_INFORMATION_FORMAT = dwarf;
				ENABLE_STRICT_OBJC_MSGSEND = YES;
				ENABLE_TESTABILITY = YES;
				ENABLE_USER_SCRIPT_SANDBOXING = YES;
				GCC_C_LANGUAGE_STANDARD = gnu17;
				GCC_DYNAMIC_NO_PIC = NO;
				GCC_NO_COMMON_BLOCKS = YES;
				GCC_OPTIMIZATION_LEVEL = 0;
				GCC_PREPROCESSOR_DEFINITIONS = (
					"DEBUG=1",
					"$(inherited)",
				);
				GCC_WARN_64_TO_32_BIT_CONVERSION = YES;
				GCC_WARN_ABOUT_RETURN_TYPE = YES_ERROR;
				GCC_WARN_UNDECLARED_SELECTOR = YES;
				GCC_WARN_UNINITIALIZED_AUTOS = YES_AGGRESSIVE;
				GCC_WARN_UNUSED_FUNCTION = YES;
				GCC_WARN_UNUSED_VARIABLE = YES;
				IPHONEOS_DEPLOYMENT_TARGET = 16.0;
				LOCALIZATION_PREFERS_STRING_CATALOGS = YES;
				MTL_ENABLE_DEBUG_INFO = INCLUDE_SOURCE;
				MTL_FAST_MATH = YES;
				ONLY_ACTIVE_ARCH = YES;
				SDKROOT = iphoneos;
				STRING_CATALOG_GENERATE_SYMBOLS = YES;
				SWIFT_ACTIVE_COMPILATION_CONDITIONS = "DEBUG $(inherited)";
				SWIFT_OPTIMIZATION_LEVEL = "-Onone";
			};
			name = Debug;
		};
		52AB36242EC3A44C00575CD3 /* Release */ = {
			isa = XCBuildConfiguration;
			buildSettings = {
				ALWAYS_SEARCH_USER_PATHS = NO;
				ASSETCATALOG_COMPILER_GENERATE_SWIFT_ASSET_SYMBOL_EXTENSIONS = YES;
				CLANG_ANALYZER_NONNULL = YES;
				CLANG_ANALYZER_NUMBER_OBJECT_CONVERSION = YES_AGGRESSIVE;
				CLANG_CXX_LANGUAGE_STANDARD = "gnu++20";
				CLANG_ENABLE_MODULES = YES;
				CLANG_ENABLE_OBJC_ARC = YES;
				CLANG_ENABLE_OBJC_WEAK = YES;
				CLANG_WARN_BLOCK_CAPTURE_AUTORELEASING = YES;
				CLANG_WARN_BOOL_CONVERSION = YES;
				CLANG_WARN_COMMA = YES;
				CLANG_WARN_CONSTANT_CONVERSION = YES;
				CLANG_WARN_DEPRECATED_OBJC_IMPLEMENTATIONS = YES;
				CLANG_WARN_DIRECT_OBJC_ISA_USAGE = YES_ERROR;
				CLANG_WARN_DOCUMENTATION_COMMENTS = YES;
				CLANG_WARN_EMPTY_BODY = YES;
				CLANG_WARN_ENUM_CONVERSION = YES;
				CLANG_WARN_INFINITE_RECURSION = YES;
				CLANG_WARN_INT_CONVERSION = YES;
				CLANG_WARN_NON_LITERAL_NULL_CONVERSION = YES;
				CLANG_WARN_OBJC_IMPLICIT_RETAIN_SELF = YES;
				CLANG_WARN_OBJC_LITERAL_CONVERSION = YES;
				CLANG_WARN_OBJC_ROOT_CLASS = YES_ERROR;
				CLANG_WARN_QUOTED_INCLUDE_IN_FRAMEWORK_HEADER = YES;
				CLANG_WARN_RANGE_LOOP_ANALYSIS = YES;
				CLANG_WARN_STRICT_PROTOTYPES = YES;
				CLANG_WARN_SUSPICIOUS_MOVE = YES;
				CLANG_WARN_UNGUARDED_AVAILABILITY = YES_AGGRESSIVE;
				CLANG_WARN_UNREACHABLE_CODE = YES;
				CLANG_WARN__DUPLICATE_METHOD_MATCH = YES;
				COPY_PHASE_STRIP = NO;
				DEBUG_INFORMATION_FORMAT = "dwarf-with-dsym";
				ENABLE_NS_ASSERTIONS = NO;
				ENABLE_STRICT_OBJC_MSGSEND = YES;
				ENABLE_USER_SCRIPT_SANDBOXING = YES;
				GCC_C_LANGUAGE_STANDARD = gnu17;
				GCC_NO_COMMON_BLOCKS = YES;
				GCC_WARN_64_TO_32_BIT_CONVERSION = YES;
				GCC_WARN_ABOUT_RETURN_TYPE = YES_ERROR;
				GCC_WARN_UNDECLARED_SELECTOR = YES;
				GCC_WARN_UNINITIALIZED_AUTOS = YES_AGGRESSIVE;
				GCC_WARN_UNUSED_FUNCTION = YES;
				GCC_WARN_UNUSED_VARIABLE = YES;
				IPHONEOS_DEPLOYMENT_TARGET = 16.0;
				LOCALIZATION_PREFERS_STRING_CATALOGS = YES;
				MTL_ENABLE_DEBUG_INFO = NO;
				MTL_FAST_MATH = YES;
				SDKROOT = iphoneos;
				STRING_CATALOG_GENERATE_SYMBOLS = YES;
				SWIFT_COMPILATION_MODE = wholemodule;
				VALIDATE_PRODUCT = YES;
			};
			name = Release;
		};
		52AB36262EC3A44C00575CD3 /* Debug */ = {
			isa = XCBuildConfiguration;
			buildSettings = {
				ASSETCATALOG_COMPILER_APPICON_NAME = AppIcon;
				ASSETCATALOG_COMPILER_GLOBAL_ACCENT_COLOR_NAME = AccentColor;
				CODE_SIGN_STYLE = Automatic;
				CURRENT_PROJECT_VERSION = 1;
				DEVELOPMENT_TEAM = PZ89MW77SU;
				ENABLE_PREVIEWS = YES;
				GENERATE_INFOPLIST_FILE = YES;
				INFOPLIST_KEY_NSCameraUsageDescription = "We need access to your camera to take photos.";
				INFOPLIST_KEY_NSLocationWhenInUseUsageDescription = "We need your location to report bike lane violations to the city.";
				INFOPLIST_KEY_NSPhotoLibraryAddUsageDescription = "We need access to save photos to your library.";
				INFOPLIST_KEY_UIApplicationSceneManifest_Generation = YES;
				INFOPLIST_KEY_UIApplicationSupportsIndirectInputEvents = YES;
				INFOPLIST_KEY_UILaunchScreen_Generation = YES;
				INFOPLIST_KEY_UISupportedInterfaceOrientations = "UIInterfaceOrientationLandscapeLeft UIInterfaceOrientationLandscapeRight UIInterfaceOrientationPortrait UIInterfaceOrientationPortraitUpsideDown";
				LD_RUNPATH_SEARCH_PATHS = (
					"$(inherited)",
					"@executable_path/Frameworks",
				);
				MARKETING_VERSION = 0.1;
				PRODUCT_BUNDLE_IDENTIFIER = pimbl.pimbl;
				PRODUCT_NAME = PIMBL;
				SWIFT_EMIT_LOC_STRINGS = YES;
				SWIFT_VERSION = 5.0;
				TARGETED_DEVICE_FAMILY = "1,2";
			};
			name = Debug;
		};
		52AB36272EC3A44C00575CD3 /* Release */ = {
			isa = XCBuildConfiguration;
			buildSettings = {
				ASSETCATALOG_COMPILER_APPICON_NAME = AppIcon;
				ASSETCATALOG_COMPILER_GLOBAL_ACCENT_COLOR_NAME = AccentColor;
				CODE_SIGN_STYLE = Automatic;
				CURRENT_PROJECT_VERSION = 1;
				DEVELOPMENT_TEAM = PZ89MW77SU;
				ENABLE_PREVIEWS = YES;
				GENERATE_INFOPLIST_FILE = YES;
				INFOPLIST_KEY_NSCameraUsageDescription = "We need access to your camera to take photos.";
				INFOPLIST_KEY_NSLocationWhenInUseUsageDescription = "We need your location to report bike lane violations to the city.";
				INFOPLIST_KEY_NSPhotoLibraryAddUsageDescription = "We need access to save photos to your library.";
				INFOPLIST_KEY_UIApplicationSceneManifest_Generation = YES;
				INFOPLIST_KEY_UIApplicationSupportsIndirectInputEvents = YES;
				INFOPLIST_KEY_UILaunchScreen_Generation = YES;
				INFOPLIST_KEY_UISupportedInterfaceOrientations = "UIInterfaceOrientationLandscapeLeft UIInterfaceOrientationLandscapeRight UIInterfaceOrientationPortrait UIInterfaceOrientationPortraitUpsideDown";
				LD_RUNPATH_SEARCH_PATHS = (
					"$(inherited)",
					"@executable_path/Frameworks",
				);
				MARKETING_VERSION = 0.1;
				PRODUCT_BUNDLE_IDENTIFIER = pimbl.pimbl;
				PRODUCT_NAME = PIMBL;
				SWIFT_EMIT_LOC_STRINGS = YES;
				SWIFT_VERSION = 5.0;
				TARGETED_DEVICE_FAMILY = "1,2";
			};
			name = Release;
		};
		52AB36292EC3A44C00575CD3 /* Debug */ = {
			isa = XCBuildConfiguration;
			buildSettings = {
				BUNDLE_LOADER = "$(TEST_HOST)";
				CODE_SIGN_STYLE = Automatic;
				CURRENT_PROJECT_VERSION = 1;
				GENERATE_INFOPLIST_FILE = YES;
				IPHONEOS_DEPLOYMENT_TARGET = 16.0;
				MARKETING_VERSION = 1.0;
				PRODUCT_BUNDLE_IDENTIFIER = pimbl.pimblTests;
				PRODUCT_NAME = "$(TARGET_NAME)";
				SWIFT_EMIT_LOC_STRINGS = NO;
				SWIFT_VERSION = 5.0;
				TARGETED_DEVICE_FAMILY = "1,2";
				TEST_HOST = "$(BUILT_PRODUCTS_DIR)/pimbl.app/$(BUNDLE_EXECUTABLE_FOLDER_PATH)/pimbl";
			};
			name = Debug;
		};
		52AB362A2EC3A44C00575CD3 /* Release */ = {
			isa = XCBuildConfiguration;
			buildSettings = {
				BUNDLE_LOADER = "$(TEST_HOST)";
				CODE_SIGN_STYLE = Automatic;
				CURRENT_PROJECT_VERSION = 1;
				GENERATE_INFOPLIST_FILE = YES;
				IPHONEOS_DEPLOYMENT_TARGET = 16.0;
				MARKETING_VERSION = 1.0;
				PRODUCT_BUNDLE_IDENTIFIER = pimbl.pimblTests;
				PRODUCT_NAME = "$(TARGET_NAME)";
				SWIFT_EMIT_LOC_STRINGS = NO;
				SWIFT_VERSION = 5.0;
				TARGETED_DEVICE_FAMILY = "1,2";
				TEST_HOST = "$(BUILT_PRODUCTS_DIR)/pimbl.app/$(BUNDLE_EXECUTABLE_FOLDER_PATH)/pimbl";
			};
			name = Release;
		};
		52AB362C2EC3A44C00575CD3 /* Debug */ = {
			isa = XCBuildConfiguration;
			buildSettings = {
				CODE_SIGN_STYLE = Automatic;
				CURRENT_PROJECT_VERSION = 1;
				GENERATE_INFOPLIST_FILE = YES;
				MARKETING_VERSION = 1.0;
				PRODUCT_BUNDLE_IDENTIFIER = pimbl.pimblUITests;
				PRODUCT_NAME = "$(TARGET_NAME)";
				SWIFT_EMIT_LOC_STRINGS = NO;
				SWIFT_VERSION = 5.0;
				TARGETED_DEVICE_FAMILY = "1,2";
				TEST_TARGET_NAME = pimbl;
			};
			name = Debug;
		};
		52AB362D2EC3A44C00575CD3 /* Release */ = {
			isa = XCBuildConfiguration;
			buildSettings = {
				CODE_SIGN_STYLE = Automatic;
				CURRENT_PROJECT_VERSION = 1;
				GENERATE_INFOPLIST_FILE = YES;
				MARKETING_VERSION = 1.0;
				PRODUCT_BUNDLE_IDENTIFIER = pimbl.pimblUITests;
				PRODUCT_NAME = "$(TARGET_NAME)";
				SWIFT_EMIT_LOC_STRINGS = NO;
				SWIFT_VERSION = 5.0;
				TARGETED_DEVICE_FAMILY = "1,2";
				TEST_TARGET_NAME = pimbl;
			};
			name = Release;
		};
/* End XCBuildConfiguration section */

/* Begin XCConfigurationList section */
		52AB35FF2EC3A44600575CD3 /* Build configuration list for PBXProject "pimbl" */ = {
			isa = XCConfigurationList;
			buildConfigurations = (
				52AB36232EC3A44C00575CD3 /* Debug */,
				52AB36242EC3A44C00575CD3 /* Release */,
			);
			defaultConfigurationIsVisible = 0;
			defaultConfigurationName = Release;
		};
		52AB36252EC3A44C00575CD3 /* Build configuration list for PBXNativeTarget "pimbl" */ = {
			isa = XCConfigurationList;
			buildConfigurations = (
				52AB36262EC3A44C00575CD3 /* Debug */,
				52AB36272EC3A44C00575CD3 /* Release */,
			);
			defaultConfigurationIsVisible = 0;
			defaultConfigurationName = Release;
		};
		52AB36282EC3A44C00575CD3 /* Build configuration list for PBXNativeTarget "pimblTests" */ = {
			isa = XCConfigurationList;
			buildConfigurations = (
				52AB36292EC3A44C00575CD3 /* Debug */,
				52AB362A2EC3A44C00575CD3 /* Release */,
			);
			defaultConfigurationIsVisible = 0;
			defaultConfigurationName = Release;
		};
		52AB362B2EC3A44C00575CD3 /* Build configuration list for PBXNativeTarget "pimblUITests" */ = {
			isa = XCConfigurationList;
			buildConfigurations = (
				52AB362C2EC3A44C00575CD3 /* Debug */,
				52AB362D2EC3A44C00575CD3 /* Release */,
			);
			defaultConfigurationIsVisible = 0;
			defaultConfigurationName = Release;
		};
/* End XCConfigurationList section */
	};
	rootObject = 52AB35FC2EC3A44600575CD3 /* Project object */;
}
